
Microsoft Visual Studio Solution File, Format Version 12.00
# Visual Studio 15
Project("{FAE04EC0-301F-11D3-BF4B-00C04F79EFBC}") = "Car", "Car\Car.csproj", "{807ED7CF-4AE7-4246-AC00-B911765F7088}"
EndProject
Project("{FAE04EC0-301F-11D3-BF4B-00C04F79EFBC}") = "CarTests", "CarTests\CarTests.csproj", "{6C3B001D-20A4-4CFE-BB51-4D3FAD3AA800}"
EndProject
Global
	GlobalSection(SolutionConfigurationPlatforms) = preSolution
		Debug|Any CPU = Debug|Any CPU
		Release|Any CPU = Release|Any CPU
	EndGlobalSection
	GlobalSection(ProjectConfigurationPlatforms) = postSolution
		{807ED7CF-4AE7-4246-AC00-B911765F7088}.Debug|Any CPU.ActiveCfg = Debug|Any CPU
		{807ED7CF-4AE7-4246-AC00-B911765F7088}.Debug|Any CPU.Build.0 = Debug|Any CPU
		{807ED7CF-4AE7-4246-AC00-B911765F7088}.Release|Any CPU.ActiveCfg = Release|Any CPU
		{807ED7CF-4AE7-4246-AC00-B911765F7088}.Release|Any CPU.Build.0 = Release|Any CPU
		{6C3B001D-20A4-4CFE-BB51-4D3FAD3AA800}.Debug|Any CPU.ActiveCfg = Debug|Any CPU
		{6C3B001D-20A4-4CFE-BB51-4D3FAD3AA800}.Debug|Any CPU.Build.0 = Debug|Any CPU
		{6C3B001D-20A4-4CFE-BB51-4D3FAD3AA800}.Release|Any CPU.ActiveCfg = Release|Any CPU
		{6C3B001D-20A4-4CFE-BB51-4D3FAD3AA800}.Release|Any CPU.Build.0 = Release|Any CPU
	EndGlobalSection
EndGlobal
